<?xml version="1.0" encoding="utf-8"?>
<Project ToolsVersion="4.0" xmlns="http://schemas.microsoft.com/developer/msbuild/2003">
  <ItemGroup>
    <Filter Include="ソース ファイル">
      <UniqueIdentifier>{4FC737F1-C7A5-4376-A066-2A32D752A2FF}</UniqueIdentifier>
      <Extensions>cpp;c;cc;cxx;def;odl;idl;hpj;bat;asm;asmx</Extensions>
    </Filter>
    <Filter Include="ヘッダー ファイル">
      <UniqueIdentifier>{93995380-89BD-4b04-88EB-625FBE52EBFB}</UniqueIdentifier>
      <Extensions>h;hh;hpp;hxx;hm;inl;inc;xsd</Extensions>
    </Filter>
    <Filter Include="リソース ファイル">
      <UniqueIdentifier>{67DA6AB6-F800-4c08-8B7A-83BB121AAD01}</UniqueIdentifier>
      <Extensions>rc;ico;cur;bmp;dlg;rc2;rct;bin;rgs;gif;jpg;jpeg;jpe;resx;tiff;tif;png;wav;mfcribbon-ms</Extensions>
    </Filter>
    <Filter Include="リソース ファイル\Sprites">
      <UniqueIdentifier>{a95b767c-21c3-493d-9256-f9d625e0145e}</UniqueIdentifier>
    </Filter>
    <Filter Include="リソース ファイル\SE">
      <UniqueIdentifier>{3b0f738e-d169-483f-8783-2e2161211fc1}</UniqueIdentifier>
    </Filter>
    <Filter Include="リソース ファイル\BGM">
      <UniqueIdentifier>{301b7a65-c243-4a27-a20e-8d418390df83}</UniqueIdentifier>
    </Filter>
    <Filter Include="リソース ファイル\SE\sensescircuit">
      <UniqueIdentifier>{ea3ab3fd-7f43-4a42-b1cc-780f1e65f8d4}</UniqueIdentifier>
    </Filter>
    <Filter Include="リソース ファイル\SE\niconicommons">
      <UniqueIdentifier>{d4e65620-f71c-4931-af9d-6935a035763c}</UniqueIdentifier>
    </Filter>
    <Filter Include="Inferno">
      <UniqueIdentifier>{b3a62975-b8f5-44a4-8015-cae303fb5108}</UniqueIdentifier>
    </Filter>
    <Filter Include="Inferno\Exception">
      <UniqueIdentifier>{7f4b7e42-34b8-421a-8ffb-e64e6caee791}</UniqueIdentifier>
    </Filter>
  </ItemGroup>
  <ItemGroup>
    <ClInclude Include="SVShooter.h">
      <Filter>ヘッダー ファイル</Filter>
    </ClInclude>
    <ClInclude Include="Audio.h">
      <Filter>ヘッダー ファイル</Filter>
    </ClInclude>
    <ClInclude Include="Scene.h">
      <Filter>ヘッダー ファイル</Filter>
    </ClInclude>
    <ClInclude Include="Score.h">
      <Filter>ヘッダー ファイル</Filter>
    </ClInclude>
    <ClInclude Include="ShooterElements.h">
      <Filter>ヘッダー ファイル</Filter>
    </ClInclude>
    <ClInclude Include="Inferno\Collision.h">
      <Filter>Inferno</Filter>
    </ClInclude>
    <ClInclude Include="Inferno\Common.h">
      <Filter>Inferno</Filter>
    </ClInclude>
    <ClInclude Include="Inferno\DXText.h">
      <Filter>Inferno</Filter>
    </ClInclude>
    <ClInclude Include="Inferno\Game.h">
      <Filter>Inferno</Filter>
    </ClInclude>
    <ClInclude Include="Inferno\GameElements.h">
      <Filter>Inferno</Filter>
    </ClInclude>
    <ClInclude Include="Inferno\Graphics.h">
      <Filter>Inferno</Filter>
    </ClInclude>
    <ClInclude Include="Inferno\Input.h">
      <Filter>Inferno</Filter>
    </ClInclude>
    <ClInclude Include="Inferno\MyException.h">
      <Filter>Inferno</Filter>
    </ClInclude>
    <ClInclude Include="Inferno\MyTypes.h">
      <Filter>Inferno</Filter>
    </ClInclude>
    <ClInclude Include="Inferno\SimpleWindow.h">
      <Filter>Inferno</Filter>
    </ClInclude>
    <ClInclude Include="Inferno\Texture.h">
      <Filter>Inferno</Filter>
    </ClInclude>
    <ClInclude Include="Inferno\Timer.h">
      <Filter>Inferno</Filter>
    </ClInclude>
    <ClInclude Include="Inferno\TString.h">
      <Filter>Inferno</Filter>
    </ClInclude>
    <ClInclude Include="Animation.h">
      <Filter>Inferno</Filter>
    </ClInclude>
    <ClInclude Include="GameCommon.h">
      <Filter>ヘッダー ファイル</Filter>
    </ClInclude>
  </ItemGroup>
  <ItemGroup>
    <ClCompile Include="Bullet.cpp">
      <Filter>ソース ファイル</Filter>
    </ClCompile>
    <ClCompile Include="CollisionReactor.cpp">
      <Filter>ソース ファイル</Filter>
    </ClCompile>
    <ClCompile Include="Main.cpp">
      <Filter>ソース ファイル</Filter>
    </ClCompile>
    <ClCompile Include="MyTypes.cpp">
      <Filter>ソース ファイル</Filter>
    </ClCompile>
    <ClCompile Include="SVShooter.cpp">
      <Filter>ソース ファイル</Filter>
    </ClCompile>
    <ClCompile Include="Inferno\CollisionDetector.cpp">
      <Filter>Inferno</Filter>
    </ClCompile>
    <ClCompile Include="Inferno\DXText.cpp">
      <Filter>Inferno</Filter>
    </ClCompile>
    <ClCompile Include="Inferno\Game.cpp">
      <Filter>Inferno</Filter>
    </ClCompile>
    <ClCompile Include="Inferno\GraphicsDirectX9X.cpp">
      <Filter>Inferno</Filter>
    </ClCompile>
    <ClCompile Include="Inferno\Idea.cpp">
      <Filter>Inferno</Filter>
    </ClCompile>
    <ClCompile Include="Inferno\Input.cpp">
      <Filter>Inferno</Filter>
    </ClCompile>
    <ClCompile Include="Inferno\SimpleWindow.cpp">
      <Filter>Inferno</Filter>
    </ClCompile>
    <ClCompile Include="Inferno\Substance.cpp">
      <Filter>Inferno</Filter>
    </ClCompile>
    <ClCompile Include="Inferno\Texture.cpp">
      <Filter>Inferno</Filter>
    </ClCompile>
    <ClCompile Include="Inferno\Timer.cpp">
      <Filter>Inferno</Filter>
    </ClCompile>
    <ClCompile Include="Inferno\Exception\AccessDenied.cpp">
      <Filter>Inferno\Exception</Filter>
    </ClCompile>
    <ClCompile Include="Inferno\Exception\Exception.cpp">
      <Filter>Inferno\Exception</Filter>
    </ClCompile>
    <ClCompile Include="Inferno\Exception\FileNotFound.cpp">
      <Filter>Inferno\Exception</Filter>
    </ClCompile>
    <ClCompile Include="Inferno\Exception\CreationFailed.cpp">
      <Filter>Inferno\Exception</Filter>
    </ClCompile>
    <ClCompile Include="Inferno\Exception\GeneralFileError.cpp">
      <Filter>Inferno\Exception</Filter>
    </ClCompile>
    <ClCompile Include="Animation.cpp">
      <Filter>Inferno</Filter>
    </ClCompile>
    <ClCompile Include="Player.cpp">
      <Filter>ソース ファイル</Filter>
    </ClCompile>
  </ItemGroup>
  <ItemGroup>
    <Text Include="Spec.txt" />
  </ItemGroup>
  <ItemGroup>
    <Image Include="Sprites\egg.bmp">
      <Filter>リソース ファイル\Sprites</Filter>
    </Image>
    <Image Include="Sprites\fireball.png">
      <Filter>リソース ファイル\Sprites</Filter>
    </Image>
    <Image Include="Sprites\intro.png">
      <Filter>リソース ファイル\Sprites</Filter>
    </Image>
    <Image Include="Sprites\onryou.png">
      <Filter>リソース ファイル\Sprites</Filter>
    </Image>
    <Image Include="Sprites\purplebullet.png">
      <Filter>リソース ファイル\Sprites</Filter>
    </Image>
    <Image Include="Sprites\underground.png">
      <Filter>リソース ファイル\Sprites</Filter>
    </Image>
    <Image Include="Sprites\utsuho.png">
      <Filter>リソース ファイル\Sprites</Filter>
    </Image>
    <Image Include="Sprites\utsuho_moji.png">
      <Filter>リソース ファイル\Sprites</Filter>
    </Image>
  </ItemGroup>
  <ItemGroup>
    <Media Include="SE\sensescircuit\pui.wav">
      <Filter>リソース ファイル\SE\sensescircuit</Filter>
    </Media>
    <Media Include="SE\niconicommons\nc899.wav">
      <Filter>リソース ファイル\SE\niconicommons</Filter>
    </Media>
    <Media Include="BGM\Nuclear_Fusion.wav">
      <Filter>リソース ファイル\BGM</Filter>
    </Media>
  </ItemGroup>
</Project>