<?xml version="1.0" encoding="utf-8"?>
<Project ToolsVersion="4.0" xmlns="http://schemas.microsoft.com/developer/msbuild/2003">
  <ItemGroup>
    <Filter Include="ソース ファイル">
      <UniqueIdentifier>{4FC737F1-C7A5-4376-A066-2A32D752A2FF}</UniqueIdentifier>
      <Extensions>cpp;c;cc;cxx;def;odl;idl;hpj;bat;asm;asmx</Extensions>
    </Filter>
    <Filter Include="ヘッダー ファイル">
      <UniqueIdentifier>{93995380-89BD-4b04-88EB-625FBE52EBFB}</UniqueIdentifier>
      <Extensions>h;hh;hpp;hxx;hm;inl;inc;xsd</Extensions>
    </Filter>
    <Filter Include="リソース ファイル">
      <UniqueIdentifier>{67DA6AB6-F800-4c08-8B7A-83BB121AAD01}</UniqueIdentifier>
      <Extensions>rc;ico;cur;bmp;dlg;rc2;rct;bin;rgs;gif;jpg;jpeg;jpe;resx;tiff;tif;png;wav;mfcribbon-ms</Extensions>
    </Filter>
    <Filter Include="ソース ファイル %28Inferno%29">
      <UniqueIdentifier>{6e27d546-8753-4711-a2b3-6f8921d6851e}</UniqueIdentifier>
    </Filter>
    <Filter Include="ヘッダー ファイル %28Inferno%29">
      <UniqueIdentifier>{f5df6304-5007-4aa5-a4b3-931801eefc16}</UniqueIdentifier>
    </Filter>
    <Filter Include="ソース ファイル %28Inferno%29\Exception">
      <UniqueIdentifier>{59e01395-8b0e-4e2d-bad4-f975cbf0dcc1}</UniqueIdentifier>
    </Filter>
    <Filter Include="リソース ファイル\Sprites">
      <UniqueIdentifier>{a95b767c-21c3-493d-9256-f9d625e0145e}</UniqueIdentifier>
    </Filter>
    <Filter Include="リソース ファイル\SE">
      <UniqueIdentifier>{3b0f738e-d169-483f-8783-2e2161211fc1}</UniqueIdentifier>
    </Filter>
    <Filter Include="リソース ファイル\BGM">
      <UniqueIdentifier>{301b7a65-c243-4a27-a20e-8d418390df83}</UniqueIdentifier>
    </Filter>
    <Filter Include="リソース ファイル\SE\sensescircuit">
      <UniqueIdentifier>{ea3ab3fd-7f43-4a42-b1cc-780f1e65f8d4}</UniqueIdentifier>
    </Filter>
    <Filter Include="リソース ファイル\SE\niconicommons">
      <UniqueIdentifier>{d4e65620-f71c-4931-af9d-6935a035763c}</UniqueIdentifier>
    </Filter>
  </ItemGroup>
  <ItemGroup>
    <ClInclude Include="SVShooter.h">
      <Filter>ヘッダー ファイル</Filter>
    </ClInclude>
    <ClInclude Include="Audio.h">
      <Filter>ヘッダー ファイル</Filter>
    </ClInclude>
    <ClInclude Include="Scene.h">
      <Filter>ヘッダー ファイル</Filter>
    </ClInclude>
    <ClInclude Include="Score.h">
      <Filter>ヘッダー ファイル</Filter>
    </ClInclude>
    <ClInclude Include="ShooterElements.h">
      <Filter>ヘッダー ファイル</Filter>
    </ClInclude>
    <ClInclude Include="..\..\Dropbox\Create\Programming\src_game\Common.h">
      <Filter>ヘッダー ファイル %28Inferno%29</Filter>
    </ClInclude>
    <ClInclude Include="..\..\Dropbox\Create\Programming\src_game\DXText.h">
      <Filter>ヘッダー ファイル %28Inferno%29</Filter>
    </ClInclude>
    <ClInclude Include="..\..\Dropbox\Create\Programming\src_game\Game.h">
      <Filter>ヘッダー ファイル %28Inferno%29</Filter>
    </ClInclude>
    <ClInclude Include="..\..\Dropbox\Create\Programming\src_game\GameElements.h">
      <Filter>ヘッダー ファイル %28Inferno%29</Filter>
    </ClInclude>
    <ClInclude Include="..\..\Dropbox\Create\Programming\src_game\Graphics.h">
      <Filter>ヘッダー ファイル %28Inferno%29</Filter>
    </ClInclude>
    <ClInclude Include="..\..\Dropbox\Create\Programming\src_game\Input.h">
      <Filter>ヘッダー ファイル %28Inferno%29</Filter>
    </ClInclude>
    <ClInclude Include="..\..\Dropbox\Create\Programming\src_game\MyException.h">
      <Filter>ヘッダー ファイル %28Inferno%29</Filter>
    </ClInclude>
    <ClInclude Include="..\..\Dropbox\Create\Programming\src_game\MyTypes.h">
      <Filter>ヘッダー ファイル %28Inferno%29</Filter>
    </ClInclude>
    <ClInclude Include="..\..\Dropbox\Create\Programming\src_game\SimpleWindow.h">
      <Filter>ヘッダー ファイル %28Inferno%29</Filter>
    </ClInclude>
    <ClInclude Include="..\..\Dropbox\Create\Programming\src_game\Texture.h">
      <Filter>ヘッダー ファイル %28Inferno%29</Filter>
    </ClInclude>
    <ClInclude Include="..\..\Dropbox\Create\Programming\src_game\Timer.h">
      <Filter>ヘッダー ファイル %28Inferno%29</Filter>
    </ClInclude>
    <ClInclude Include="..\..\Dropbox\Create\Programming\src_game\TString.h">
      <Filter>ヘッダー ファイル %28Inferno%29</Filter>
    </ClInclude>
    <ClInclude Include="..\..\Dropbox\Create\Programming\src_game\Collision.h">
      <Filter>ヘッダー ファイル %28Inferno%29</Filter>
    </ClInclude>
  </ItemGroup>
  <ItemGroup>
    <ClCompile Include="Bullet.cpp">
      <Filter>ソース ファイル</Filter>
    </ClCompile>
    <ClCompile Include="CollisionReactor.cpp">
      <Filter>ソース ファイル</Filter>
    </ClCompile>
    <ClCompile Include="GeneralFileError.cpp">
      <Filter>ソース ファイル</Filter>
    </ClCompile>
    <ClCompile Include="Main.cpp">
      <Filter>ソース ファイル</Filter>
    </ClCompile>
    <ClCompile Include="MyTypes.cpp">
      <Filter>ソース ファイル</Filter>
    </ClCompile>
    <ClCompile Include="SVShooter.cpp">
      <Filter>ソース ファイル</Filter>
    </ClCompile>
    <ClCompile Include="..\..\Dropbox\Create\Programming\src_game\Exception\AccessDenied.cpp">
      <Filter>ソース ファイル %28Inferno%29\Exception</Filter>
    </ClCompile>
    <ClCompile Include="..\..\Dropbox\Create\Programming\src_game\Exception\CreationFailed.cpp">
      <Filter>ソース ファイル %28Inferno%29\Exception</Filter>
    </ClCompile>
    <ClCompile Include="..\..\Dropbox\Create\Programming\src_game\Exception\Exception.cpp">
      <Filter>ソース ファイル %28Inferno%29\Exception</Filter>
    </ClCompile>
    <ClCompile Include="..\..\Dropbox\Create\Programming\src_game\Exception\FileNotFound.cpp">
      <Filter>ソース ファイル %28Inferno%29\Exception</Filter>
    </ClCompile>
    <ClCompile Include="..\..\Dropbox\Create\Programming\src_game\Texture.cpp">
      <Filter>ソース ファイル %28Inferno%29</Filter>
    </ClCompile>
    <ClCompile Include="..\..\Dropbox\Create\Programming\src_game\Timer.cpp">
      <Filter>ソース ファイル %28Inferno%29</Filter>
    </ClCompile>
    <ClCompile Include="..\..\Dropbox\Create\Programming\src_game\CollisionDetector.cpp">
      <Filter>ソース ファイル %28Inferno%29</Filter>
    </ClCompile>
    <ClCompile Include="..\..\Dropbox\Create\Programming\src_game\DXText.cpp">
      <Filter>ソース ファイル %28Inferno%29</Filter>
    </ClCompile>
    <ClCompile Include="..\..\Dropbox\Create\Programming\src_game\Game.cpp">
      <Filter>ソース ファイル %28Inferno%29</Filter>
    </ClCompile>
    <ClCompile Include="..\..\Dropbox\Create\Programming\src_game\GraphicsDirectX9X.cpp">
      <Filter>ソース ファイル %28Inferno%29</Filter>
    </ClCompile>
    <ClCompile Include="..\..\Dropbox\Create\Programming\src_game\Idea.cpp">
      <Filter>ソース ファイル %28Inferno%29</Filter>
    </ClCompile>
    <ClCompile Include="..\..\Dropbox\Create\Programming\src_game\Input.cpp">
      <Filter>ソース ファイル %28Inferno%29</Filter>
    </ClCompile>
    <ClCompile Include="..\..\Dropbox\Create\Programming\src_game\MatrixUtility.cpp">
      <Filter>ソース ファイル %28Inferno%29</Filter>
    </ClCompile>
    <ClCompile Include="..\..\Dropbox\Create\Programming\src_game\SimpleWindow.cpp">
      <Filter>ソース ファイル %28Inferno%29</Filter>
    </ClCompile>
    <ClCompile Include="..\..\Dropbox\Create\Programming\src_game\Substance.cpp">
      <Filter>ソース ファイル %28Inferno%29</Filter>
    </ClCompile>
  </ItemGroup>
  <ItemGroup>
    <Text Include="Spec.txt" />
  </ItemGroup>
  <ItemGroup>
    <Image Include="Sprites\egg.bmp">
      <Filter>リソース ファイル\Sprites</Filter>
    </Image>
    <Image Include="Sprites\fireball.png">
      <Filter>リソース ファイル\Sprites</Filter>
    </Image>
    <Image Include="Sprites\intro.png">
      <Filter>リソース ファイル\Sprites</Filter>
    </Image>
    <Image Include="Sprites\onryou.png">
      <Filter>リソース ファイル\Sprites</Filter>
    </Image>
    <Image Include="Sprites\purplebullet.png">
      <Filter>リソース ファイル\Sprites</Filter>
    </Image>
    <Image Include="Sprites\underground.png">
      <Filter>リソース ファイル\Sprites</Filter>
    </Image>
    <Image Include="Sprites\utsuho.png">
      <Filter>リソース ファイル\Sprites</Filter>
    </Image>
    <Image Include="Sprites\utsuho_moji.png">
      <Filter>リソース ファイル\Sprites</Filter>
    </Image>
  </ItemGroup>
  <ItemGroup>
    <Media Include="BGM\06.霊知の太陽信仰　～ Nuclear Fusion.wav">
      <Filter>リソース ファイル\BGM</Filter>
    </Media>
    <Media Include="SE\sensescircuit\pui.wav">
      <Filter>リソース ファイル\SE\sensescircuit</Filter>
    </Media>
    <Media Include="SE\niconicommons\nc899.wav">
      <Filter>リソース ファイル\SE\niconicommons</Filter>
    </Media>
  </ItemGroup>
</Project>